
Microsoft Visual Studio Solution File, Format Version 12.00
# Visual Studio Version 17
VisualStudioVersion = 17.10.34928.147
MinimumVisualStudioVersion = 10.0.40219.1
Project("{2150E333-8FDC-42A3-9474-1A3956D46DE8}") = "Services", "Services", "{5528399D-8195-4465-B0A1-DE870EF258B5}"
EndProject
Project("{2150E333-8FDC-42A3-9474-1A3956D46DE8}") = "Catalog", "Catalog", "{75B84795-D038-4556-885C-818BAAEE291D}"
EndProject
Project("{9A19103F-16F7-4668-BE54-9A1E7A4F7556}") = "Catalog.Api", "Services\Catalog\Catalog.Api\Catalog.Api.csproj", "{123AE4E6-8A12-4913-BECD-EA4BB5B64216}"
EndProject
Project("{2150E333-8FDC-42A3-9474-1A3956D46DE8}") = "BuildingBlocks", "BuildingBlocks", "{2A3ACC19-9A56-490B-B8AA-4AF766879615}"
EndProject
Project("{9A19103F-16F7-4668-BE54-9A1E7A4F7556}") = "BuildingBlocks", "BuildingBlocks\BuildingBlocks\BuildingBlocks.csproj", "{2DF64C96-179A-4543-B9F0-E41B05EBCED1}"
EndProject
Project("{E53339B2-1760-4266-BCC7-CA923CBCF16C}") = "docker-compose", "docker-compose.dcproj", "{57CB22C4-F3D5-47F0-9EC3-F14C5C39D41E}"
EndProject
Project("{2150E333-8FDC-42A3-9474-1A3956D46DE8}") = "Basket", "Basket", "{1A9D022A-D5F7-4F87-9523-B0362AD6191D}"
EndProject
Project("{9A19103F-16F7-4668-BE54-9A1E7A4F7556}") = "Basket.Api", "Services\Basket\Basket.Api\Basket.Api.csproj", "{26486048-E15C-48F4-A55D-D282DA09CCF8}"
EndProject
Project("{2150E333-8FDC-42A3-9474-1A3956D46DE8}") = "Discount", "Discount", "{751EA1A5-883F-41D7-BD9F-05FEADCA3630}"
EndProject
Project("{FAE04EC0-301F-11D3-BF4B-00C04F79EFBC}") = "Discount.gRPC", "Services\Discount\Discount.gRPC\Discount.gRPC.csproj", "{AA3622F1-1DBE-434D-A28F-332DA942FF55}"
EndProject
Global
	GlobalSection(SolutionConfigurationPlatforms) = preSolution
		Debug|Any CPU = Debug|Any CPU
		Release|Any CPU = Release|Any CPU
	EndGlobalSection
	GlobalSection(ProjectConfigurationPlatforms) = postSolution
		{123AE4E6-8A12-4913-BECD-EA4BB5B64216}.Debug|Any CPU.ActiveCfg = Debug|Any CPU
		{123AE4E6-8A12-4913-BECD-EA4BB5B64216}.Debug|Any CPU.Build.0 = Debug|Any CPU
		{123AE4E6-8A12-4913-BECD-EA4BB5B64216}.Release|Any CPU.ActiveCfg = Release|Any CPU
		{123AE4E6-8A12-4913-BECD-EA4BB5B64216}.Release|Any CPU.Build.0 = Release|Any CPU
		{2DF64C96-179A-4543-B9F0-E41B05EBCED1}.Debug|Any CPU.ActiveCfg = Debug|Any CPU
		{2DF64C96-179A-4543-B9F0-E41B05EBCED1}.Debug|Any CPU.Build.0 = Debug|Any CPU
		{2DF64C96-179A-4543-B9F0-E41B05EBCED1}.Release|Any CPU.ActiveCfg = Release|Any CPU
		{2DF64C96-179A-4543-B9F0-E41B05EBCED1}.Release|Any CPU.Build.0 = Release|Any CPU
		{57CB22C4-F3D5-47F0-9EC3-F14C5C39D41E}.Debug|Any CPU.ActiveCfg = Debug|Any CPU
		{57CB22C4-F3D5-47F0-9EC3-F14C5C39D41E}.Debug|Any CPU.Build.0 = Debug|Any CPU
		{57CB22C4-F3D5-47F0-9EC3-F14C5C39D41E}.Release|Any CPU.ActiveCfg = Release|Any CPU
		{57CB22C4-F3D5-47F0-9EC3-F14C5C39D41E}.Release|Any CPU.Build.0 = Release|Any CPU
		{26486048-E15C-48F4-A55D-D282DA09CCF8}.Debug|Any CPU.ActiveCfg = Debug|Any CPU
		{26486048-E15C-48F4-A55D-D282DA09CCF8}.Debug|Any CPU.Build.0 = Debug|Any CPU
		{26486048-E15C-48F4-A55D-D282DA09CCF8}.Release|Any CPU.ActiveCfg = Release|Any CPU
		{26486048-E15C-48F4-A55D-D282DA09CCF8}.Release|Any CPU.Build.0 = Release|Any CPU
		{AA3622F1-1DBE-434D-A28F-332DA942FF55}.Debug|Any CPU.ActiveCfg = Debug|Any CPU
		{AA3622F1-1DBE-434D-A28F-332DA942FF55}.Debug|Any CPU.Build.0 = Debug|Any CPU
		{AA3622F1-1DBE-434D-A28F-332DA942FF55}.Release|Any CPU.ActiveCfg = Release|Any CPU
		{AA3622F1-1DBE-434D-A28F-332DA942FF55}.Release|Any CPU.Build.0 = Release|Any CPU
	EndGlobalSection
	GlobalSection(SolutionProperties) = preSolution
		HideSolutionNode = FALSE
	EndGlobalSection
	GlobalSection(NestedProjects) = preSolution
		{75B84795-D038-4556-885C-818BAAEE291D} = {5528399D-8195-4465-B0A1-DE870EF258B5}
		{123AE4E6-8A12-4913-BECD-EA4BB5B64216} = {75B84795-D038-4556-885C-818BAAEE291D}
		{2DF64C96-179A-4543-B9F0-E41B05EBCED1} = {2A3ACC19-9A56-490B-B8AA-4AF766879615}
		{1A9D022A-D5F7-4F87-9523-B0362AD6191D} = {5528399D-8195-4465-B0A1-DE870EF258B5}
		{26486048-E15C-48F4-A55D-D282DA09CCF8} = {1A9D022A-D5F7-4F87-9523-B0362AD6191D}
		{751EA1A5-883F-41D7-BD9F-05FEADCA3630} = {5528399D-8195-4465-B0A1-DE870EF258B5}
		{AA3622F1-1DBE-434D-A28F-332DA942FF55} = {751EA1A5-883F-41D7-BD9F-05FEADCA3630}
	EndGlobalSection
	GlobalSection(ExtensibilityGlobals) = postSolution
		SolutionGuid = {35CD297D-2A1B-4F0F-A43F-EF70E93B7C81}
	EndGlobalSection
EndGlobal
